Microsoft Visual Studio Solution File, Format Version 12.00
# Visual Studio Version 17
VisualStudioVersion = 17.5.2.0
MinimumVisualStudioVersion = 10.0.40219.1
Project("{FAE04EC0-301F-11D3-BF4B-00C04F79EFBC}") = "AclInteroption", "AclInteroption.csproj", "{C2FC999A-F5B0-349C-69CD-8F8D79D25742}"
EndProject
Global
	GlobalSection(SolutionConfigurationPlatforms) = preSolution
		Debug|Any CPU = Debug|Any CPU
		Release|Any CPU = Release|Any CPU
	EndGlobalSection
	GlobalSection(ProjectConfigurationPlatforms) = postSolution
		{C2FC999A-F5B0-349C-69CD-8F8D79D25742}.Debug|Any CPU.ActiveCfg = Debug|Any CPU
		{C2FC999A-F5B0-349C-69CD-8F8D79D25742}.Debug|Any CPU.Build.0 = Debug|Any CPU
		{C2FC999A-F5B0-349C-69CD-8F8D79D25742}.Release|Any CPU.ActiveCfg = Release|Any CPU
		{C2FC999A-F5B0-349C-69CD-8F8D79D25742}.Release|Any CPU.Build.0 = Release|Any CPU
	EndGlobalSection
	GlobalSection(SolutionProperties) = preSolution
		HideSolutionNode = FALSE
	EndGlobalSection
	GlobalSection(ExtensibilityGlobals) = postSolution
		SolutionGuid = {F75F862C-F8A6-4086-B5DE-080CD7F51DC7}
	EndGlobalSection
EndGlobal
